
Microsoft Visual Studio Solution File, Format Version 12.00
# Visual Studio Version 16
VisualStudioVersion = 16.0.29926.136
MinimumVisualStudioVersion = 10.0.40219.1
Project("{2150E333-8FDC-42A3-9474-1A3956D46DE8}") = "Sources", "Sources", "{1C609A5C-78C6-4337-9AC6-7F510CA8E3A0}"
EndProject
Project("{9A19103F-16F7-4668-BE54-9A1E7A4F7556}") = "Toolkit", "Sources\Toolkit\Toolkit.csproj", "{BB033FD4-B6EC-4AA8-84D8-0BB388E5464B}"
EndProject
Project("{9A19103F-16F7-4668-BE54-9A1E7A4F7556}") = "Toolkit.Components", "Sources\Toolkit.Components\Toolkit.Components.csproj", "{A19A4AF0-D38B-473A-A971-FF74224706C0}"
EndProject
Project("{9A19103F-16F7-4668-BE54-9A1E7A4F7556}") = "Toolkit.UI.WPF", "Sources\Toolkit.UI.WPF\Toolkit.UI.WPF.csproj", "{241ACA5B-9D5E-43F4-8638-90AE16FC5400}"
EndProject
Project("{2150E333-8FDC-42A3-9474-1A3956D46DE8}") = "Tests", "Tests", "{884550EE-94C1-416C-A55B-5F3D3A814102}"
EndProject
Project("{9A19103F-16F7-4668-BE54-9A1E7A4F7556}") = "Toolkit.Tests", "Tests\Toolkit.Tests\Toolkit.Tests.csproj", "{9EDBCA93-62CC-4D79-98F8-962D53227F5E}"
EndProject
Project("{9A19103F-16F7-4668-BE54-9A1E7A4F7556}") = "Toolkit.UI.WPF.Tests", "Tests\Toolkit.UI.WPF.Tests\Toolkit.UI.WPF.Tests.csproj", "{FB815BD8-71A6-4161-9A7F-911B7699D44B}"
EndProject
Global
	GlobalSection(SolutionConfigurationPlatforms) = preSolution
		Debug|Any CPU = Debug|Any CPU
		Release|Any CPU = Release|Any CPU
	EndGlobalSection
	GlobalSection(ProjectConfigurationPlatforms) = postSolution
		{BB033FD4-B6EC-4AA8-84D8-0BB388E5464B}.Debug|Any CPU.ActiveCfg = Debug|Any CPU
		{BB033FD4-B6EC-4AA8-84D8-0BB388E5464B}.Debug|Any CPU.Build.0 = Debug|Any CPU
		{BB033FD4-B6EC-4AA8-84D8-0BB388E5464B}.Release|Any CPU.ActiveCfg = Release|Any CPU
		{BB033FD4-B6EC-4AA8-84D8-0BB388E5464B}.Release|Any CPU.Build.0 = Release|Any CPU
		{9EDBCA93-62CC-4D79-98F8-962D53227F5E}.Debug|Any CPU.ActiveCfg = Debug|Any CPU
		{9EDBCA93-62CC-4D79-98F8-962D53227F5E}.Debug|Any CPU.Build.0 = Debug|Any CPU
		{9EDBCA93-62CC-4D79-98F8-962D53227F5E}.Release|Any CPU.ActiveCfg = Release|Any CPU
		{9EDBCA93-62CC-4D79-98F8-962D53227F5E}.Release|Any CPU.Build.0 = Release|Any CPU
		{A19A4AF0-D38B-473A-A971-FF74224706C0}.Debug|Any CPU.ActiveCfg = Debug|Any CPU
		{A19A4AF0-D38B-473A-A971-FF74224706C0}.Debug|Any CPU.Build.0 = Debug|Any CPU
		{A19A4AF0-D38B-473A-A971-FF74224706C0}.Release|Any CPU.ActiveCfg = Release|Any CPU
		{A19A4AF0-D38B-473A-A971-FF74224706C0}.Release|Any CPU.Build.0 = Release|Any CPU
		{241ACA5B-9D5E-43F4-8638-90AE16FC5400}.Debug|Any CPU.ActiveCfg = Debug|Any CPU
		{241ACA5B-9D5E-43F4-8638-90AE16FC5400}.Debug|Any CPU.Build.0 = Debug|Any CPU
		{241ACA5B-9D5E-43F4-8638-90AE16FC5400}.Release|Any CPU.ActiveCfg = Release|Any CPU
		{241ACA5B-9D5E-43F4-8638-90AE16FC5400}.Release|Any CPU.Build.0 = Release|Any CPU
		{FB815BD8-71A6-4161-9A7F-911B7699D44B}.Debug|Any CPU.ActiveCfg = Debug|Any CPU
		{FB815BD8-71A6-4161-9A7F-911B7699D44B}.Debug|Any CPU.Build.0 = Debug|Any CPU
		{FB815BD8-71A6-4161-9A7F-911B7699D44B}.Release|Any CPU.ActiveCfg = Release|Any CPU
		{FB815BD8-71A6-4161-9A7F-911B7699D44B}.Release|Any CPU.Build.0 = Release|Any CPU
	EndGlobalSection
	GlobalSection(SolutionProperties) = preSolution
		HideSolutionNode = FALSE
	EndGlobalSection
	GlobalSection(NestedProjects) = preSolution
		{BB033FD4-B6EC-4AA8-84D8-0BB388E5464B} = {1C609A5C-78C6-4337-9AC6-7F510CA8E3A0}
		{9EDBCA93-62CC-4D79-98F8-962D53227F5E} = {884550EE-94C1-416C-A55B-5F3D3A814102}
		{A19A4AF0-D38B-473A-A971-FF74224706C0} = {1C609A5C-78C6-4337-9AC6-7F510CA8E3A0}
		{241ACA5B-9D5E-43F4-8638-90AE16FC5400} = {1C609A5C-78C6-4337-9AC6-7F510CA8E3A0}
		{FB815BD8-71A6-4161-9A7F-911B7699D44B} = {884550EE-94C1-416C-A55B-5F3D3A814102}
	EndGlobalSection
	GlobalSection(ExtensibilityGlobals) = postSolution
		SolutionGuid = {BFB2040E-B373-4317-8FBD-0049D69073B9}
	EndGlobalSection
EndGlobal
